
Microsoft Visual Studio Solution File, Format Version 12.00
# Visual Studio Version 16
VisualStudioVersion = 16.0.31702.278
MinimumVisualStudioVersion = 10.0.40219.1
Project("{8BC9CEB8-8B4A-11D0-8D11-00A0C91BC942}") = "打印程序_test_9_27", "打印程序_test_9_27\打印程序_test_9_27.vcxproj", "{611C3507-0692-4798-88EE-83AD1B180F18}"
EndProject
Global
	GlobalSection(SolutionConfigurationPlatforms) = preSolution
		Debug|x64 = Debug|x64
		Debug|x86 = Debug|x86
		Release|x64 = Release|x64
		Release|x86 = Release|x86
	EndGlobalSection
	GlobalSection(ProjectConfigurationPlatforms) = postSolution
		{611C3507-0692-4798-88EE-83AD1B180F18}.Debug|x64.ActiveCfg = Debug|x64
		{611C3507-0692-4798-88EE-83AD1B180F18}.Debug|x64.Build.0 = Debug|x64
		{611C3507-0692-4798-88EE-83AD1B180F18}.Debug|x86.ActiveCfg = Debug|Win32
		{611C3507-0692-4798-88EE-83AD1B180F18}.Debug|x86.Build.0 = Debug|Win32
		{611C3507-0692-4798-88EE-83AD1B180F18}.Release|x64.ActiveCfg = Release|x64
		{611C3507-0692-4798-88EE-83AD1B180F18}.Release|x64.Build.0 = Release|x64
		{611C3507-0692-4798-88EE-83AD1B180F18}.Release|x86.ActiveCfg = Release|Win32
		{611C3507-0692-4798-88EE-83AD1B180F18}.Release|x86.Build.0 = Release|Win32
	EndGlobalSection
	GlobalSection(SolutionProperties) = preSolution
		HideSolutionNode = FALSE
	EndGlobalSection
	GlobalSection(ExtensibilityGlobals) = postSolution
		SolutionGuid = {307AFD55-EFB5-4D07-AEFB-53AC15409A4C}
	EndGlobalSection
EndGlobal
