
Microsoft Visual Studio Solution File, Format Version 12.00
# Visual Studio Version 16
VisualStudioVersion = 16.0.31702.278
MinimumVisualStudioVersion = 10.0.40219.1
Project("{8BC9CEB8-8B4A-11D0-8D11-00A0C91BC942}") = "迭代器_test_10_13", "迭代器_test_10_13\迭代器_test_10_13.vcxproj", "{1EA53D9F-41AB-4C89-838D-58C3BF5CDBFB}"
EndProject
Global
	GlobalSection(SolutionConfigurationPlatforms) = preSolution
		Debug|x64 = Debug|x64
		Debug|x86 = Debug|x86
		Release|x64 = Release|x64
		Release|x86 = Release|x86
	EndGlobalSection
	GlobalSection(ProjectConfigurationPlatforms) = postSolution
		{1EA53D9F-41AB-4C89-838D-58C3BF5CDBFB}.Debug|x64.ActiveCfg = Debug|x64
		{1EA53D9F-41AB-4C89-838D-58C3BF5CDBFB}.Debug|x64.Build.0 = Debug|x64
		{1EA53D9F-41AB-4C89-838D-58C3BF5CDBFB}.Debug|x86.ActiveCfg = Debug|Win32
		{1EA53D9F-41AB-4C89-838D-58C3BF5CDBFB}.Debug|x86.Build.0 = Debug|Win32
		{1EA53D9F-41AB-4C89-838D-58C3BF5CDBFB}.Release|x64.ActiveCfg = Release|x64
		{1EA53D9F-41AB-4C89-838D-58C3BF5CDBFB}.Release|x64.Build.0 = Release|x64
		{1EA53D9F-41AB-4C89-838D-58C3BF5CDBFB}.Release|x86.ActiveCfg = Release|Win32
		{1EA53D9F-41AB-4C89-838D-58C3BF5CDBFB}.Release|x86.Build.0 = Release|Win32
	EndGlobalSection
	GlobalSection(SolutionProperties) = preSolution
		HideSolutionNode = FALSE
	EndGlobalSection
	GlobalSection(ExtensibilityGlobals) = postSolution
		SolutionGuid = {0C036758-7477-4DFA-8B2E-2DC9DEE8F14D}
	EndGlobalSection
EndGlobal
